
Microsoft Visual Studio Solution File, Format Version 12.00
# Visual Studio Version 16
VisualStudioVersion = 16.0.30621.155
MinimumVisualStudioVersion = 10.0.40219.1
Project("{FAE04EC0-301F-11D3-BF4B-00C04F79EFBC}") = "PasswordToggle.Android", "PasswordToggle\PasswordToggle.Android\PasswordToggle.Android.csproj", "{05899358-C39F-468A-94CB-DD5D8510F912}"
EndProject
Project("{FAE04EC0-301F-11D3-BF4B-00C04F79EFBC}") = "PasswordToggle.iOS", "PasswordToggle\PasswordToggle.iOS\PasswordToggle.iOS.csproj", "{897F2FB8-B52F-4C31-8CB7-5C86D820AC71}"
EndProject
Project("{FAE04EC0-301F-11D3-BF4B-00C04F79EFBC}") = "PasswordToggle", "PasswordToggle\PasswordToggle\PasswordToggle.csproj", "{33B7397D-2051-45F8-95A0-56BEAA0CF07C}"
EndProject
Global
	GlobalSection(SolutionConfigurationPlatforms) = preSolution
		Debug|Any CPU = Debug|Any CPU
		Debug|iPhone = Debug|iPhone
		Debug|iPhoneSimulator = Debug|iPhoneSimulator
		Release|Any CPU = Release|Any CPU
		Release|iPhone = Release|iPhone
		Release|iPhoneSimulator = Release|iPhoneSimulator
	EndGlobalSection
	GlobalSection(ProjectConfigurationPlatforms) = postSolution
		{05899358-C39F-468A-94CB-DD5D8510F912}.Debug|Any CPU.ActiveCfg = Debug|Any CPU
		{05899358-C39F-468A-94CB-DD5D8510F912}.Debug|Any CPU.Build.0 = Debug|Any CPU
		{05899358-C39F-468A-94CB-DD5D8510F912}.Debug|Any CPU.Deploy.0 = Debug|Any CPU
		{05899358-C39F-468A-94CB-DD5D8510F912}.Debug|iPhone.ActiveCfg = Debug|Any CPU
		{05899358-C39F-468A-94CB-DD5D8510F912}.Debug|iPhone.Build.0 = Debug|Any CPU
		{05899358-C39F-468A-94CB-DD5D8510F912}.Debug|iPhone.Deploy.0 = Debug|Any CPU
		{05899358-C39F-468A-94CB-DD5D8510F912}.Debug|iPhoneSimulator.ActiveCfg = Debug|Any CPU
		{05899358-C39F-468A-94CB-DD5D8510F912}.Debug|iPhoneSimulator.Build.0 = Debug|Any CPU
		{05899358-C39F-468A-94CB-DD5D8510F912}.Debug|iPhoneSimulator.Deploy.0 = Debug|Any CPU
		{05899358-C39F-468A-94CB-DD5D8510F912}.Release|Any CPU.ActiveCfg = Release|Any CPU
		{05899358-C39F-468A-94CB-DD5D8510F912}.Release|Any CPU.Build.0 = Release|Any CPU
		{05899358-C39F-468A-94CB-DD5D8510F912}.Release|Any CPU.Deploy.0 = Release|Any CPU
		{05899358-C39F-468A-94CB-DD5D8510F912}.Release|iPhone.ActiveCfg = Release|Any CPU
		{05899358-C39F-468A-94CB-DD5D8510F912}.Release|iPhone.Build.0 = Release|Any CPU
		{05899358-C39F-468A-94CB-DD5D8510F912}.Release|iPhone.Deploy.0 = Release|Any CPU
		{05899358-C39F-468A-94CB-DD5D8510F912}.Release|iPhoneSimulator.ActiveCfg = Release|Any CPU
		{05899358-C39F-468A-94CB-DD5D8510F912}.Release|iPhoneSimulator.Build.0 = Release|Any CPU
		{05899358-C39F-468A-94CB-DD5D8510F912}.Release|iPhoneSimulator.Deploy.0 = Release|Any CPU
		{897F2FB8-B52F-4C31-8CB7-5C86D820AC71}.Debug|Any CPU.ActiveCfg = Debug|iPhone
		{897F2FB8-B52F-4C31-8CB7-5C86D820AC71}.Debug|Any CPU.Build.0 = Debug|iPhone
		{897F2FB8-B52F-4C31-8CB7-5C86D820AC71}.Debug|Any CPU.Deploy.0 = Debug|iPhone
		{897F2FB8-B52F-4C31-8CB7-5C86D820AC71}.Debug|iPhone.ActiveCfg = Debug|iPhone
		{897F2FB8-B52F-4C31-8CB7-5C86D820AC71}.Debug|iPhone.Build.0 = Debug|iPhone
		{897F2FB8-B52F-4C31-8CB7-5C86D820AC71}.Debug|iPhone.Deploy.0 = Debug|iPhone
		{897F2FB8-B52F-4C31-8CB7-5C86D820AC71}.Debug|iPhoneSimulator.ActiveCfg = Debug|iPhoneSimulator
		{897F2FB8-B52F-4C31-8CB7-5C86D820AC71}.Debug|iPhoneSimulator.Build.0 = Debug|iPhoneSimulator
		{897F2FB8-B52F-4C31-8CB7-5C86D820AC71}.Debug|iPhoneSimulator.Deploy.0 = Debug|iPhoneSimulator
		{897F2FB8-B52F-4C31-8CB7-5C86D820AC71}.Release|Any CPU.ActiveCfg = Release|iPhoneSimulator
		{897F2FB8-B52F-4C31-8CB7-5C86D820AC71}.Release|Any CPU.Build.0 = Release|iPhoneSimulator
		{897F2FB8-B52F-4C31-8CB7-5C86D820AC71}.Release|Any CPU.Deploy.0 = Release|iPhoneSimulator
		{897F2FB8-B52F-4C31-8CB7-5C86D820AC71}.Release|iPhone.ActiveCfg = Release|iPhone
		{897F2FB8-B52F-4C31-8CB7-5C86D820AC71}.Release|iPhone.Build.0 = Release|iPhone
		{897F2FB8-B52F-4C31-8CB7-5C86D820AC71}.Release|iPhone.Deploy.0 = Release|iPhone
		{897F2FB8-B52F-4C31-8CB7-5C86D820AC71}.Release|iPhoneSimulator.ActiveCfg = Release|iPhoneSimulator
		{897F2FB8-B52F-4C31-8CB7-5C86D820AC71}.Release|iPhoneSimulator.Build.0 = Release|iPhoneSimulator
		{897F2FB8-B52F-4C31-8CB7-5C86D820AC71}.Release|iPhoneSimulator.Deploy.0 = Release|iPhoneSimulator
		{33B7397D-2051-45F8-95A0-56BEAA0CF07C}.Debug|Any CPU.ActiveCfg = Debug|Any CPU
		{33B7397D-2051-45F8-95A0-56BEAA0CF07C}.Debug|Any CPU.Build.0 = Debug|Any CPU
		{33B7397D-2051-45F8-95A0-56BEAA0CF07C}.Debug|Any CPU.Deploy.0 = Debug|Any CPU
		{33B7397D-2051-45F8-95A0-56BEAA0CF07C}.Debug|iPhone.ActiveCfg = Debug|Any CPU
		{33B7397D-2051-45F8-95A0-56BEAA0CF07C}.Debug|iPhone.Build.0 = Debug|Any CPU
		{33B7397D-2051-45F8-95A0-56BEAA0CF07C}.Debug|iPhone.Deploy.0 = Debug|Any CPU
		{33B7397D-2051-45F8-95A0-56BEAA0CF07C}.Debug|iPhoneSimulator.ActiveCfg = Debug|Any CPU
		{33B7397D-2051-45F8-95A0-56BEAA0CF07C}.Debug|iPhoneSimulator.Build.0 = Debug|Any CPU
		{33B7397D-2051-45F8-95A0-56BEAA0CF07C}.Debug|iPhoneSimulator.Deploy.0 = Debug|Any CPU
		{33B7397D-2051-45F8-95A0-56BEAA0CF07C}.Release|Any CPU.ActiveCfg = Release|Any CPU
		{33B7397D-2051-45F8-95A0-56BEAA0CF07C}.Release|Any CPU.Build.0 = Release|Any CPU
		{33B7397D-2051-45F8-95A0-56BEAA0CF07C}.Release|Any CPU.Deploy.0 = Release|Any CPU
		{33B7397D-2051-45F8-95A0-56BEAA0CF07C}.Release|iPhone.ActiveCfg = Release|Any CPU
		{33B7397D-2051-45F8-95A0-56BEAA0CF07C}.Release|iPhone.Build.0 = Release|Any CPU
		{33B7397D-2051-45F8-95A0-56BEAA0CF07C}.Release|iPhone.Deploy.0 = Release|Any CPU
		{33B7397D-2051-45F8-95A0-56BEAA0CF07C}.Release|iPhoneSimulator.ActiveCfg = Release|Any CPU
		{33B7397D-2051-45F8-95A0-56BEAA0CF07C}.Release|iPhoneSimulator.Build.0 = Release|Any CPU
		{33B7397D-2051-45F8-95A0-56BEAA0CF07C}.Release|iPhoneSimulator.Deploy.0 = Release|Any CPU
	EndGlobalSection
	GlobalSection(SolutionProperties) = preSolution
		HideSolutionNode = FALSE
	EndGlobalSection
	GlobalSection(ExtensibilityGlobals) = postSolution
		SolutionGuid = {AECE8FAA-77E0-45A5-B673-8A63CC7B37FD}
	EndGlobalSection
EndGlobal
